# This file is automatically @generated by Poetry 1.5.1 and should not be changed by hand.

[[package]]
name = "gpxpy"
version = "1.5.0"
description = "GPX file parser and GPS track manipulation library"
optional = false
python-versions = ">=3.6"
files = [
    {file = "gpxpy-1.5.0.tar.gz", hash = "sha256:e6993a8945eae07a833cd304b88bbc6c3c132d63b2bf4a9b0a5d9097616b8708"},
]

[metadata]
lock-version = "2.0"
python-versions = "^3.11"
content-hash = "71c2e1ceff3a2385658834fa7b2b626eb793f74b5bf5564b649456e73ce0f782"
