# This file is automatically @generated by Poetry 1.5.1 and should not be changed by hand.

[[package]]
name = "atomicwrites"
version = "1.4.1"
description = "Atomic file writes."
optional = false
python-versions = ">=2.7, !=3.0.*, !=3.1.*, !=3.2.*, !=3.3.*"
files = [
    {file = "atomicwrites-1.4.1.tar.gz", hash = "sha256:81b2c9071a49367a7f770170e5eec8cb66567cfbbc8c73d20ce5ca4a8d71cf11"},
]

[[package]]
name = "geojson"
version = "3.0.1"
description = "Python bindings and utilities for GeoJSON"
optional = false
python-versions = ">=3.7, <3.12"
files = [
    {file = "geojson-3.0.1-py3-none-any.whl", hash = "sha256:e49df982b204ed481e4c1236c57f587adf71537301cf8faf7120ab27d73c7568"},
    {file = "geojson-3.0.1.tar.gz", hash = "sha256:ff3d75acab60b1e66504a11f7ea12c104bad32ff3c410a807788663b966dee4a"},
]

[[package]]
name = "gpxpy"
version = "1.5.0"
description = "GPX file parser and GPS track manipulation library"
optional = false
python-versions = ">=3.6"
files = [
    {file = "gpxpy-1.5.0.tar.gz", hash = "sha256:e6993a8945eae07a833cd304b88bbc6c3c132d63b2bf4a9b0a5d9097616b8708"},
]

[[package]]
name = "paho-mqtt"
version = "1.6.1"
description = "MQTT version 5.0/3.1.1 client class"
optional = false
python-versions = "*"
files = [
    {file = "paho-mqtt-1.6.1.tar.gz", hash = "sha256:2a8291c81623aec00372b5a85558a372c747cbca8e9934dfe218638b8eefc26f"},
]

[package.extras]
proxy = ["PySocks"]

[metadata]
lock-version = "2.0"
python-versions = ">=3.11,<3.12"
content-hash = "01b616d934e6dcc9955e0cac70e3a218916cb3c0bb9dde270ed702f9671b6451"
